
Microsoft Visual Studio Solution File, Format Version 12.00
# Visual Studio 15
VisualStudioVersion = 15.0.28010.2046
MinimumVisualStudioVersion = 10.0.40219.1
Project("{2150E333-8FDC-42A3-9474-1A3956D46DE8}") = "10. Domain", "10. Domain", "{087ED9F6-52DF-47AA-8B5B-014716131941}"
EndProject
Project("{2150E333-8FDC-42A3-9474-1A3956D46DE8}") = "20. Application", "20. Application", "{A5B0E323-08F9-4D70-9A26-D7E57E8389B5}"
EndProject
Project("{2150E333-8FDC-42A3-9474-1A3956D46DE8}") = "30. Presentation", "30. Presentation", "{40DC0A61-1AF3-446C-9D8B-068EA1E7D71D}"
EndProject
Project("{2150E333-8FDC-42A3-9474-1A3956D46DE8}") = "40. Infrastructure", "40. Infrastructure", "{323CC586-A3DE-4B9B-A566-350999394325}"
EndProject
Project("{9A19103F-16F7-4668-BE54-9A1E7A4F7556}") = "LogCorner.EduSync.Speech.Domain", "LogCorner.EduSync.Speech\LogCorner.EduSync.Speech.Domain\LogCorner.EduSync.Speech.Domain.csproj", "{FC545D1F-F3FA-4A1A-898C-96902B5237C1}"
EndProject
Project("{9A19103F-16F7-4668-BE54-9A1E7A4F7556}") = "LogCorner.EduSync.Speech.Application", "LogCorner.EduSync.Speech\LogCorner.EduSync.Speech.Application\LogCorner.EduSync.Speech.Application.csproj", "{120C271E-B722-4AE2-9636-3E682C170EDA}"
EndProject
Project("{9A19103F-16F7-4668-BE54-9A1E7A4F7556}") = "LogCorner.EduSync.Speech.Infrastructure", "LogCorner.EduSync.Speech\LogCorner.EduSync.Speech.Infrastructure\LogCorner.EduSync.Speech.Infrastructure.csproj", "{EBE96F9A-1E0D-47F9-876A-06798BC730B1}"
EndProject
Project("{9A19103F-16F7-4668-BE54-9A1E7A4F7556}") = "LogCorner.EduSync.Speech.Presentation", "LogCorner.EduSync.Speech\LogCorner.EduSync.Speech.Presentation\LogCorner.EduSync.Speech.Presentation.csproj", "{64E746E4-9777-496F-B533-512B37250936}"
EndProject
Global
	GlobalSection(SolutionConfigurationPlatforms) = preSolution
		Debug|Any CPU = Debug|Any CPU
		Release|Any CPU = Release|Any CPU
	EndGlobalSection
	GlobalSection(ProjectConfigurationPlatforms) = postSolution
		{FC545D1F-F3FA-4A1A-898C-96902B5237C1}.Debug|Any CPU.ActiveCfg = Debug|Any CPU
		{FC545D1F-F3FA-4A1A-898C-96902B5237C1}.Debug|Any CPU.Build.0 = Debug|Any CPU
		{FC545D1F-F3FA-4A1A-898C-96902B5237C1}.Release|Any CPU.ActiveCfg = Release|Any CPU
		{FC545D1F-F3FA-4A1A-898C-96902B5237C1}.Release|Any CPU.Build.0 = Release|Any CPU
		{120C271E-B722-4AE2-9636-3E682C170EDA}.Debug|Any CPU.ActiveCfg = Debug|Any CPU
		{120C271E-B722-4AE2-9636-3E682C170EDA}.Debug|Any CPU.Build.0 = Debug|Any CPU
		{120C271E-B722-4AE2-9636-3E682C170EDA}.Release|Any CPU.ActiveCfg = Release|Any CPU
		{120C271E-B722-4AE2-9636-3E682C170EDA}.Release|Any CPU.Build.0 = Release|Any CPU
		{EBE96F9A-1E0D-47F9-876A-06798BC730B1}.Debug|Any CPU.ActiveCfg = Debug|Any CPU
		{EBE96F9A-1E0D-47F9-876A-06798BC730B1}.Debug|Any CPU.Build.0 = Debug|Any CPU
		{EBE96F9A-1E0D-47F9-876A-06798BC730B1}.Release|Any CPU.ActiveCfg = Release|Any CPU
		{EBE96F9A-1E0D-47F9-876A-06798BC730B1}.Release|Any CPU.Build.0 = Release|Any CPU
		{64E746E4-9777-496F-B533-512B37250936}.Debug|Any CPU.ActiveCfg = Debug|Any CPU
		{64E746E4-9777-496F-B533-512B37250936}.Debug|Any CPU.Build.0 = Debug|Any CPU
		{64E746E4-9777-496F-B533-512B37250936}.Release|Any CPU.ActiveCfg = Release|Any CPU
		{64E746E4-9777-496F-B533-512B37250936}.Release|Any CPU.Build.0 = Release|Any CPU
	EndGlobalSection
	GlobalSection(SolutionProperties) = preSolution
		HideSolutionNode = FALSE
	EndGlobalSection
	GlobalSection(NestedProjects) = preSolution
		{FC545D1F-F3FA-4A1A-898C-96902B5237C1} = {087ED9F6-52DF-47AA-8B5B-014716131941}
		{120C271E-B722-4AE2-9636-3E682C170EDA} = {A5B0E323-08F9-4D70-9A26-D7E57E8389B5}
		{EBE96F9A-1E0D-47F9-876A-06798BC730B1} = {323CC586-A3DE-4B9B-A566-350999394325}
		{64E746E4-9777-496F-B533-512B37250936} = {40DC0A61-1AF3-446C-9D8B-068EA1E7D71D}
	EndGlobalSection
	GlobalSection(ExtensibilityGlobals) = postSolution
		SolutionGuid = {5279CE35-3C1B-4719-9C6B-F96FE2C24172}
	EndGlobalSection
EndGlobal
