
Microsoft Visual Studio Solution File, Format Version 12.00
# Visual Studio 15
VisualStudioVersion = 15.0.28010.2046
MinimumVisualStudioVersion = 10.0.40219.1
Project("{FAE04EC0-301F-11D3-BF4B-00C04F79EFBC}") = "LogCorner.EduSync.Speech.Infrastructure.Synchro", "LogCorner.EduSync.Speech.Infrastructure.Synchro\LogCorner.EduSync.Speech.Infrastructure.Synchro.csproj", "{784689AB-7349-4A22-84EB-392B4C3B9BA4}"
EndProject
Global
	GlobalSection(SolutionConfigurationPlatforms) = preSolution
		Debug|Any CPU = Debug|Any CPU
		Release|Any CPU = Release|Any CPU
	EndGlobalSection
	GlobalSection(ProjectConfigurationPlatforms) = postSolution
		{784689AB-7349-4A22-84EB-392B4C3B9BA4}.Debug|Any CPU.ActiveCfg = Debug|Any CPU
		{784689AB-7349-4A22-84EB-392B4C3B9BA4}.Debug|Any CPU.Build.0 = Debug|Any CPU
		{784689AB-7349-4A22-84EB-392B4C3B9BA4}.Release|Any CPU.ActiveCfg = Release|Any CPU
		{784689AB-7349-4A22-84EB-392B4C3B9BA4}.Release|Any CPU.Build.0 = Release|Any CPU
	EndGlobalSection
	GlobalSection(SolutionProperties) = preSolution
		HideSolutionNode = FALSE
	EndGlobalSection
	GlobalSection(ExtensibilityGlobals) = postSolution
		SolutionGuid = {5279CE35-3C1B-4719-9C6B-F96FE2C24172}
	EndGlobalSection
EndGlobal
